
Microsoft Visual Studio Solution File, Format Version 12.00
# Visual Studio Version 16
VisualStudioVersion = 16.0.31702.278
MinimumVisualStudioVersion = 10.0.40219.1
Project("{9A19103F-16F7-4668-BE54-9A1E7A4F7556}") = "Core", "Core\Core.csproj", "{8D101D86-BF4D-407F-B2AB-942E2C87EC7D}"
EndProject
Project("{9A19103F-16F7-4668-BE54-9A1E7A4F7556}") = "Core.UnitTests", "Core.UnitTests\Core.UnitTests.csproj", "{6B6B05AD-E5AB-4038-BF95-E289F84E7401}"
EndProject
Project("{9A19103F-16F7-4668-BE54-9A1E7A4F7556}") = "DateGeneratorPlugin", "DateGeneratorPlugin\DateGeneratorPlugin.csproj", "{9715D59F-6BCC-4BFC-808F-8A9334B11B05}"
EndProject
Project("{9A19103F-16F7-4668-BE54-9A1E7A4F7556}") = "ConsoleApp", "ConsoleApp\ConsoleApp.csproj", "{13346387-A827-492A-80CE-7ADB11FB529A}"
EndProject
Project("{FAE04EC0-301F-11D3-BF4B-00C04F79EFBC}") = "BoolGeneratorPlugin", "BoolGeneratorPlugin\BoolGeneratorPlugin.csproj", "{01CE070F-D809-46BE-8651-773AD0F2F44C}"
EndProject
Global
	GlobalSection(SolutionConfigurationPlatforms) = preSolution
		Debug|Any CPU = Debug|Any CPU
		Release|Any CPU = Release|Any CPU
	EndGlobalSection
	GlobalSection(ProjectConfigurationPlatforms) = postSolution
		{8D101D86-BF4D-407F-B2AB-942E2C87EC7D}.Debug|Any CPU.ActiveCfg = Debug|Any CPU
		{8D101D86-BF4D-407F-B2AB-942E2C87EC7D}.Debug|Any CPU.Build.0 = Debug|Any CPU
		{8D101D86-BF4D-407F-B2AB-942E2C87EC7D}.Release|Any CPU.ActiveCfg = Release|Any CPU
		{8D101D86-BF4D-407F-B2AB-942E2C87EC7D}.Release|Any CPU.Build.0 = Release|Any CPU
		{6B6B05AD-E5AB-4038-BF95-E289F84E7401}.Debug|Any CPU.ActiveCfg = Debug|Any CPU
		{6B6B05AD-E5AB-4038-BF95-E289F84E7401}.Debug|Any CPU.Build.0 = Debug|Any CPU
		{6B6B05AD-E5AB-4038-BF95-E289F84E7401}.Release|Any CPU.ActiveCfg = Release|Any CPU
		{6B6B05AD-E5AB-4038-BF95-E289F84E7401}.Release|Any CPU.Build.0 = Release|Any CPU
		{9715D59F-6BCC-4BFC-808F-8A9334B11B05}.Debug|Any CPU.ActiveCfg = Debug|Any CPU
		{9715D59F-6BCC-4BFC-808F-8A9334B11B05}.Debug|Any CPU.Build.0 = Debug|Any CPU
		{9715D59F-6BCC-4BFC-808F-8A9334B11B05}.Release|Any CPU.ActiveCfg = Release|Any CPU
		{9715D59F-6BCC-4BFC-808F-8A9334B11B05}.Release|Any CPU.Build.0 = Release|Any CPU
		{13346387-A827-492A-80CE-7ADB11FB529A}.Debug|Any CPU.ActiveCfg = Debug|Any CPU
		{13346387-A827-492A-80CE-7ADB11FB529A}.Debug|Any CPU.Build.0 = Debug|Any CPU
		{13346387-A827-492A-80CE-7ADB11FB529A}.Release|Any CPU.ActiveCfg = Release|Any CPU
		{13346387-A827-492A-80CE-7ADB11FB529A}.Release|Any CPU.Build.0 = Release|Any CPU
		{01CE070F-D809-46BE-8651-773AD0F2F44C}.Debug|Any CPU.ActiveCfg = Debug|Any CPU
		{01CE070F-D809-46BE-8651-773AD0F2F44C}.Debug|Any CPU.Build.0 = Debug|Any CPU
		{01CE070F-D809-46BE-8651-773AD0F2F44C}.Release|Any CPU.ActiveCfg = Release|Any CPU
		{01CE070F-D809-46BE-8651-773AD0F2F44C}.Release|Any CPU.Build.0 = Release|Any CPU
	EndGlobalSection
	GlobalSection(SolutionProperties) = preSolution
		HideSolutionNode = FALSE
	EndGlobalSection
	GlobalSection(ExtensibilityGlobals) = postSolution
		SolutionGuid = {42430DAD-4378-491D-9441-51AE03C16AE1}
	EndGlobalSection
EndGlobal
